
Microsoft Visual Studio Solution File, Format Version 12.00
# Visual Studio Version 17
VisualStudioVersion = 17.1.32104.313
MinimumVisualStudioVersion = 10.0.40219.1
Project("{FAE04EC0-301F-11D3-BF4B-00C04F79EFBC}") = "Hardware.Android", "Hardware.Android\Hardware.Android.csproj", "{14FF2F71-089D-4098-94A3-9D65B2AABE9D}"
EndProject
Project("{9A19103F-16F7-4668-BE54-9A1E7A4F7556}") = "Hardware", "Hardware\Hardware.csproj", "{86F6591B-94F9-4E0A-B8EF-17635C5CA416}"
EndProject
Project("{FAE04EC0-301F-11D3-BF4B-00C04F79EFBC}") = "Hardware.UITest", "Hardware.UITest\Hardware.UITest.csproj", "{0A278A9B-6BAA-4E95-B29E-E986BC482E55}"
EndProject
Global
	GlobalSection(SolutionConfigurationPlatforms) = preSolution
		Debug|Any CPU = Debug|Any CPU
		Release|Any CPU = Release|Any CPU
	EndGlobalSection
	GlobalSection(ProjectConfigurationPlatforms) = postSolution
		{14FF2F71-089D-4098-94A3-9D65B2AABE9D}.Debug|Any CPU.ActiveCfg = Debug|Any CPU
		{14FF2F71-089D-4098-94A3-9D65B2AABE9D}.Debug|Any CPU.Build.0 = Debug|Any CPU
		{14FF2F71-089D-4098-94A3-9D65B2AABE9D}.Debug|Any CPU.Deploy.0 = Debug|Any CPU
		{14FF2F71-089D-4098-94A3-9D65B2AABE9D}.Release|Any CPU.ActiveCfg = Release|Any CPU
		{14FF2F71-089D-4098-94A3-9D65B2AABE9D}.Release|Any CPU.Build.0 = Release|Any CPU
		{14FF2F71-089D-4098-94A3-9D65B2AABE9D}.Release|Any CPU.Deploy.0 = Release|Any CPU
		{86F6591B-94F9-4E0A-B8EF-17635C5CA416}.Debug|Any CPU.ActiveCfg = Debug|Any CPU
		{86F6591B-94F9-4E0A-B8EF-17635C5CA416}.Debug|Any CPU.Build.0 = Debug|Any CPU
		{86F6591B-94F9-4E0A-B8EF-17635C5CA416}.Debug|Any CPU.Deploy.0 = Debug|Any CPU
		{86F6591B-94F9-4E0A-B8EF-17635C5CA416}.Release|Any CPU.ActiveCfg = Release|Any CPU
		{86F6591B-94F9-4E0A-B8EF-17635C5CA416}.Release|Any CPU.Build.0 = Release|Any CPU
		{86F6591B-94F9-4E0A-B8EF-17635C5CA416}.Release|Any CPU.Deploy.0 = Release|Any CPU
		{0A278A9B-6BAA-4E95-B29E-E986BC482E55}.Debug|Any CPU.ActiveCfg = Debug|Any CPU
		{0A278A9B-6BAA-4E95-B29E-E986BC482E55}.Debug|Any CPU.Build.0 = Debug|Any CPU
		{0A278A9B-6BAA-4E95-B29E-E986BC482E55}.Release|Any CPU.ActiveCfg = Release|Any CPU
		{0A278A9B-6BAA-4E95-B29E-E986BC482E55}.Release|Any CPU.Build.0 = Release|Any CPU
	EndGlobalSection
	GlobalSection(SolutionProperties) = preSolution
		HideSolutionNode = FALSE
	EndGlobalSection
	GlobalSection(ExtensibilityGlobals) = postSolution
		SolutionGuid = {AAF30567-A053-4470-A41B-3C4E685EBAB7}
	EndGlobalSection
EndGlobal
